
Microsoft Visual Studio Solution File, Format Version 12.00
# Visual Studio Version 17
VisualStudioVersion = 17.14.36203.30 d17.14
MinimumVisualStudioVersion = 10.0.40219.1
Project("{FAE04EC0-301F-11D3-BF4B-00C04F79EFBC}") = "PasswordManager", "PasswordManager.csproj", "{4C963B00-B6A0-4BBB-8577-2809002461D3}"
EndProject
Project("{FAE04EC0-301F-11D3-BF4B-00C04F79EFBC}") = "PasswordManager.Tests", "..\PasswordManager.Tests\PasswordManager.Tests.csproj", "{42F83814-5535-45A3-9129-1464DE2B106E}"
EndProject
Global
	GlobalSection(SolutionConfigurationPlatforms) = preSolution
		Debug|Any CPU = Debug|Any CPU
		Release|Any CPU = Release|Any CPU
	EndGlobalSection
	GlobalSection(ProjectConfigurationPlatforms) = postSolution
		{4C963B00-B6A0-4BBB-8577-2809002461D3}.Debug|Any CPU.ActiveCfg = Debug|Any CPU
		{4C963B00-B6A0-4BBB-8577-2809002461D3}.Debug|Any CPU.Build.0 = Debug|Any CPU
		{4C963B00-B6A0-4BBB-8577-2809002461D3}.Release|Any CPU.ActiveCfg = Release|Any CPU
		{4C963B00-B6A0-4BBB-8577-2809002461D3}.Release|Any CPU.Build.0 = Release|Any CPU
		{42F83814-5535-45A3-9129-1464DE2B106E}.Debug|Any CPU.ActiveCfg = Debug|Any CPU
		{42F83814-5535-45A3-9129-1464DE2B106E}.Debug|Any CPU.Build.0 = Debug|Any CPU
		{42F83814-5535-45A3-9129-1464DE2B106E}.Release|Any CPU.ActiveCfg = Release|Any CPU
		{42F83814-5535-45A3-9129-1464DE2B106E}.Release|Any CPU.Build.0 = Release|Any CPU
	EndGlobalSection
	GlobalSection(SolutionProperties) = preSolution
		HideSolutionNode = FALSE
	EndGlobalSection
	GlobalSection(ExtensibilityGlobals) = postSolution
		SolutionGuid = {C63606AE-483C-4200-96AD-C07740DFA42D}
	EndGlobalSection
EndGlobal
